
Microsoft Visual Studio Solution File, Format Version 12.00
# Visual Studio Version 16
VisualStudioVersion = 16.0.30320.27
MinimumVisualStudioVersion = 10.0.40219.1
Project("{FAE04EC0-301F-11D3-BF4B-00C04F79EFBC}") = "Dialer", "Dialer\Dialer.csproj", "{0A24A073-C71F-4666-A6F3-631F533E4755}"
EndProject
Global
	GlobalSection(SolutionConfigurationPlatforms) = preSolution
		Debug|Any CPU = Debug|Any CPU
		Release|Any CPU = Release|Any CPU
	EndGlobalSection
	GlobalSection(ProjectConfigurationPlatforms) = postSolution
		{0A24A073-C71F-4666-A6F3-631F533E4755}.Debug|Any CPU.ActiveCfg = Debug|Any CPU
		{0A24A073-C71F-4666-A6F3-631F533E4755}.Debug|Any CPU.Build.0 = Debug|Any CPU
		{0A24A073-C71F-4666-A6F3-631F533E4755}.Release|Any CPU.ActiveCfg = Release|Any CPU
		{0A24A073-C71F-4666-A6F3-631F533E4755}.Release|Any CPU.Build.0 = Release|Any CPU
	EndGlobalSection
	GlobalSection(SolutionProperties) = preSolution
		HideSolutionNode = FALSE
	EndGlobalSection
	GlobalSection(ExtensibilityGlobals) = postSolution
		SolutionGuid = {55CFBF35-4C1D-4CE8-83F5-2E4523793766}
	EndGlobalSection
EndGlobal
